{
    "_readme": [
        "This file locks the dependencies of your project to a known state",
        "Read more about it at https://getcomposer.org/doc/01-basic-usage.md#composer-lock-the-lock-file",
        "This file is @generated automatically"
    ],
    "hash": "fc5eeda77ce6486a9f2a16a80aea3629",
    "content-hash": "d4ca0ce43c062694e95b5465edb67784",
    "packages": [],
    "packages-dev": [],
    "aliases": [],
    "minimum-stability": "stable",
    "stability-flags": [],
    "prefer-stable": false,
    "prefer-lowest": false,
    "platform": {
        "php": ">=5.4.27",
        "ext-curl": "*",
        "lib-curl": "*",
        "lib-openssl": "*"
    },
    "platform-dev": []
}
